
Microsoft Visual Studio Solution File, Format Version 12.00
# Visual Studio 15
VisualStudioVersion = 15.0.28307.852
MinimumVisualStudioVersion = 10.0.40219.1
Project("{FAE04EC0-301F-11D3-BF4B-00C04F79EFBC}") = "Food_Ordering_System_WPF", "Food_Ordering_System_WPF\Food_Ordering_System_WPF.csproj", "{BE1CA34F-F1C4-4EFA-A2AF-BA95B656C381}"
EndProject
Global
	GlobalSection(SolutionConfigurationPlatforms) = preSolution
		Debug|Any CPU = Debug|Any CPU
		Release|Any CPU = Release|Any CPU
	EndGlobalSection
	GlobalSection(ProjectConfigurationPlatforms) = postSolution
		{BE1CA34F-F1C4-4EFA-A2AF-BA95B656C381}.Debug|Any CPU.ActiveCfg = Debug|Any CPU
		{BE1CA34F-F1C4-4EFA-A2AF-BA95B656C381}.Debug|Any CPU.Build.0 = Debug|Any CPU
		{BE1CA34F-F1C4-4EFA-A2AF-BA95B656C381}.Release|Any CPU.ActiveCfg = Release|Any CPU
		{BE1CA34F-F1C4-4EFA-A2AF-BA95B656C381}.Release|Any CPU.Build.0 = Release|Any CPU
	EndGlobalSection
	GlobalSection(SolutionProperties) = preSolution
		HideSolutionNode = FALSE
	EndGlobalSection
	GlobalSection(ExtensibilityGlobals) = postSolution
		SolutionGuid = {B8CDD439-3F02-4E85-A1D1-B71C7FFE2BD8}
	EndGlobalSection
EndGlobal
